
Microsoft Visual Studio Solution File, Format Version 12.00
# Visual Studio 15
VisualStudioVersion = 15.0.27703.2042
MinimumVisualStudioVersion = 10.0.40219.1
Project("{FAE04EC0-301F-11D3-BF4B-00C04F79EFBC}") = "Teatteri", "TeatteriTesti\Teatteri.csproj", "{83FFE279-C3EC-4BF9-B87A-6A62D94CDDBD}"
EndProject
Global
	GlobalSection(SolutionConfigurationPlatforms) = preSolution
		Debug|Any CPU = Debug|Any CPU
		Release|Any CPU = Release|Any CPU
	EndGlobalSection
	GlobalSection(ProjectConfigurationPlatforms) = postSolution
		{83FFE279-C3EC-4BF9-B87A-6A62D94CDDBD}.Debug|Any CPU.ActiveCfg = Debug|Any CPU
		{83FFE279-C3EC-4BF9-B87A-6A62D94CDDBD}.Debug|Any CPU.Build.0 = Debug|Any CPU
		{83FFE279-C3EC-4BF9-B87A-6A62D94CDDBD}.Release|Any CPU.ActiveCfg = Release|Any CPU
		{83FFE279-C3EC-4BF9-B87A-6A62D94CDDBD}.Release|Any CPU.Build.0 = Release|Any CPU
	EndGlobalSection
	GlobalSection(SolutionProperties) = preSolution
		HideSolutionNode = FALSE
	EndGlobalSection
	GlobalSection(ExtensibilityGlobals) = postSolution
		SolutionGuid = {B08BDB87-FC32-4AAD-AF31-6CCE9F67F2D5}
	EndGlobalSection
EndGlobal
